PODS:
  - BlocksKit (1.8.2):
    - libffi
  - HexColors (2.0.0)
  - libffi (3.0.13)
  - SVProgressHUD (0.9)
  - TransitionKit (1.1.1)

DEPENDENCIES:
  - BlocksKit
  - HexColors
  - SVProgressHUD
  - TransitionKit

SPEC CHECKSUMS:
  BlocksKit: 3268eb1fa19e856ac853e9839fab9f04eb064852
  HexColors: 54b4770c380a69b5fcf158fe1d9d85955c9380a8
  libffi: c6c0bfc3b84872fd99e0e35f8d9665fc7a996f6f
  SVProgressHUD: adf9def97327df88dee15e9ad8033fde6961f7b4
  TransitionKit: b573f93c422f6aedf7d40e93e7c2f202d1295063

COCOAPODS: 0.33.1
